
Microsoft Visual Studio Solution File, Format Version 12.00
# Visual Studio Version 16
VisualStudioVersion = 16.0.30128.74
MinimumVisualStudioVersion = 10.0.40219.1
Project("{9A19103F-16F7-4668-BE54-9A1E7A4F7556}") = "FluentValidationsApp", "FluentValidationsApp\FluentValidationsApp.csproj", "{D06F76B3-14FF-423C-B973-6496F811DBC6}"
EndProject
Project("{2150E333-8FDC-42A3-9474-1A3956D46DE8}") = "Solution Items", "Solution Items", "{935B8F53-6CB6-4E5D-9B85-7CCA9AEE1B8D}"
	ProjectSection(SolutionItems) = preProject
		AutoMapper.txt = AutoMapper.txt
		Hangfire.txt = Hangfire.txt
		Smidge.txt = Smidge.txt
	EndProjectSection
EndProject
Project("{9A19103F-16F7-4668-BE54-9A1E7A4F7556}") = "RateLimitApp", "RateLimitApp\RateLimitApp.csproj", "{8E1BF5CC-7BC8-475C-8D7D-B609C9C4ACED}"
EndProject
Project("{9A19103F-16F7-4668-BE54-9A1E7A4F7556}") = "SmidgeBundleMinification", "SmidgeBundleMinification\SmidgeBundleMinification.csproj", "{F82E580E-EFDF-4BCA-8479-BB42713A9444}"
EndProject
Project("{FAE04EC0-301F-11D3-BF4B-00C04F79EFBC}") = "HangfireExample", "HangfireExample\HangfireExample.csproj", "{3215A084-4EDB-4188-9EAE-8D737AFC1997}"
EndProject
Global
	GlobalSection(SolutionConfigurationPlatforms) = preSolution
		Debug|Any CPU = Debug|Any CPU
		Release|Any CPU = Release|Any CPU
	EndGlobalSection
	GlobalSection(ProjectConfigurationPlatforms) = postSolution
		{D06F76B3-14FF-423C-B973-6496F811DBC6}.Debug|Any CPU.ActiveCfg = Debug|Any CPU
		{D06F76B3-14FF-423C-B973-6496F811DBC6}.Debug|Any CPU.Build.0 = Debug|Any CPU
		{D06F76B3-14FF-423C-B973-6496F811DBC6}.Release|Any CPU.ActiveCfg = Release|Any CPU
		{D06F76B3-14FF-423C-B973-6496F811DBC6}.Release|Any CPU.Build.0 = Release|Any CPU
		{8E1BF5CC-7BC8-475C-8D7D-B609C9C4ACED}.Debug|Any CPU.ActiveCfg = Debug|Any CPU
		{8E1BF5CC-7BC8-475C-8D7D-B609C9C4ACED}.Debug|Any CPU.Build.0 = Debug|Any CPU
		{8E1BF5CC-7BC8-475C-8D7D-B609C9C4ACED}.Release|Any CPU.ActiveCfg = Release|Any CPU
		{8E1BF5CC-7BC8-475C-8D7D-B609C9C4ACED}.Release|Any CPU.Build.0 = Release|Any CPU
		{F82E580E-EFDF-4BCA-8479-BB42713A9444}.Debug|Any CPU.ActiveCfg = Debug|Any CPU
		{F82E580E-EFDF-4BCA-8479-BB42713A9444}.Debug|Any CPU.Build.0 = Debug|Any CPU
		{F82E580E-EFDF-4BCA-8479-BB42713A9444}.Release|Any CPU.ActiveCfg = Release|Any CPU
		{F82E580E-EFDF-4BCA-8479-BB42713A9444}.Release|Any CPU.Build.0 = Release|Any CPU
		{3215A084-4EDB-4188-9EAE-8D737AFC1997}.Debug|Any CPU.ActiveCfg = Debug|Any CPU
		{3215A084-4EDB-4188-9EAE-8D737AFC1997}.Debug|Any CPU.Build.0 = Debug|Any CPU
		{3215A084-4EDB-4188-9EAE-8D737AFC1997}.Release|Any CPU.ActiveCfg = Release|Any CPU
		{3215A084-4EDB-4188-9EAE-8D737AFC1997}.Release|Any CPU.Build.0 = Release|Any CPU
	EndGlobalSection
	GlobalSection(SolutionProperties) = preSolution
		HideSolutionNode = FALSE
	EndGlobalSection
	GlobalSection(ExtensibilityGlobals) = postSolution
		SolutionGuid = {E04B7B66-D43C-4098-ADE1-21A6E9D297F4}
	EndGlobalSection
EndGlobal
