
Microsoft Visual Studio Solution File, Format Version 12.00
# Visual Studio Version 16
VisualStudioVersion = 16.0.30128.74
MinimumVisualStudioVersion = 10.0.40219.1
Project("{9A19103F-16F7-4668-BE54-9A1E7A4F7556}") = "FluentValidationsApp", "FluentValidationsApp\FluentValidationsApp.csproj", "{D06F76B3-14FF-423C-B973-6496F811DBC6}"
EndProject
Project("{2150E333-8FDC-42A3-9474-1A3956D46DE8}") = "Solution Items", "Solution Items", "{935B8F53-6CB6-4E5D-9B85-7CCA9AEE1B8D}"
	ProjectSection(SolutionItems) = preProject
		AutoMapper.txt = AutoMapper.txt
	EndProjectSection
EndProject
Global
	GlobalSection(SolutionConfigurationPlatforms) = preSolution
		Debug|Any CPU = Debug|Any CPU
		Release|Any CPU = Release|Any CPU
	EndGlobalSection
	GlobalSection(ProjectConfigurationPlatforms) = postSolution
		{D06F76B3-14FF-423C-B973-6496F811DBC6}.Debug|Any CPU.ActiveCfg = Debug|Any CPU
		{D06F76B3-14FF-423C-B973-6496F811DBC6}.Debug|Any CPU.Build.0 = Debug|Any CPU
		{D06F76B3-14FF-423C-B973-6496F811DBC6}.Release|Any CPU.ActiveCfg = Release|Any CPU
		{D06F76B3-14FF-423C-B973-6496F811DBC6}.Release|Any CPU.Build.0 = Release|Any CPU
	EndGlobalSection
	GlobalSection(SolutionProperties) = preSolution
		HideSolutionNode = FALSE
	EndGlobalSection
	GlobalSection(ExtensibilityGlobals) = postSolution
		SolutionGuid = {E04B7B66-D43C-4098-ADE1-21A6E9D297F4}
	EndGlobalSection
EndGlobal
